
Microsoft Visual Studio Solution File, Format Version 12.00
# Visual Studio Version 16
VisualStudioVersion = 16.0.29613.14
MinimumVisualStudioVersion = 10.0.40219.1
Project("{8BC9CEB8-8B4A-11D0-8D11-00A0C91BC942}") = "Chap4_3", "Chap4_3\Chap4_3.vcxproj", "{9DBE738A-2288-4D42-9847-D8FF4A38ADEE}"
EndProject
Project("{8BC9CEB8-8B4A-11D0-8D11-00A0C91BC942}") = "Chap4_4", "Chap4_4\Chap4_4.vcxproj", "{F7956887-F4CC-4E99-ABFD-EB2FEECBFBEF}"
EndProject
Project("{8BC9CEB8-8B4A-11D0-8D11-00A0C91BC942}") = "Chap4_5", "Chap4_5\Chap4_5.vcxproj", "{8BC90E4B-287E-4D76-BB08-FE35A4D189ED}"
EndProject
Project("{8BC9CEB8-8B4A-11D0-8D11-00A0C91BC942}") = "Chap4_6", "Chap4_6\Chap4_6.vcxproj", "{F93DBEE3-58A2-49D4-B3C6-3DE9CD0B8FA1}"
EndProject
Project("{8BC9CEB8-8B4A-11D0-8D11-00A0C91BC942}") = "Chap4_7", "Chap4_7\Chap4_7.vcxproj", "{B5EF9104-9D46-4182-B348-5BED57D9B7A4}"
EndProject
Project("{8BC9CEB8-8B4A-11D0-8D11-00A0C91BC942}") = "Chap4_8", "Chap4_8\Chap4_8.vcxproj", "{0D80B5F4-B05C-4563-B813-396F8C55233B}"
EndProject
Project("{8BC9CEB8-8B4A-11D0-8D11-00A0C91BC942}") = "Chap9_1", "Chap9_1\Chap9_1.vcxproj", "{7B27696A-6B6C-48CD-AAC4-E7C2BF9F308B}"
EndProject
Project("{8BC9CEB8-8B4A-11D0-8D11-00A0C91BC942}") = "Chap9_2", "Chap9_2\Chap9_2.vcxproj", "{EF7D3D1B-F189-4DD8-97FA-06F487CB33E7}"
EndProject
Project("{8BC9CEB8-8B4A-11D0-8D11-00A0C91BC942}") = "Chap9_3", "Chap9_3\Chap9_3.vcxproj", "{DBE7484D-B03E-4194-BF22-EA88A8AB079A}"
EndProject
Project("{8BC9CEB8-8B4A-11D0-8D11-00A0C91BC942}") = "Chap9_4", "Chap9_4\Chap9_4.vcxproj", "{F1202046-0334-48B5-B34A-6602B9C48C91}"
EndProject
Project("{8BC9CEB8-8B4A-11D0-8D11-00A0C91BC942}") = "Chap9_6", "Chap9_6\Chap9_6.vcxproj", "{4B16D59A-41F5-4108-935D-48D6A787C620}"
EndProject
Project("{8BC9CEB8-8B4A-11D0-8D11-00A0C91BC942}") = "Chap9_7", "Chap9_7\Chap9_7.vcxproj", "{EA14BF7E-7308-40DC-AC40-5D57337D2C39}"
EndProject
Project("{8BC9CEB8-8B4A-11D0-8D11-00A0C91BC942}") = "Chap9_8", "Chap9_8\Chap9_8.vcxproj", "{645993DE-A849-4CCE-B623-67AF3E46E419}"
EndProject
Project("{8BC9CEB8-8B4A-11D0-8D11-00A0C91BC942}") = "Chap9_9", "Chap9_9\Chap9_9.vcxproj", "{34D875FE-2FAD-4E37-9685-04A752C3D49A}"
EndProject
Project("{8BC9CEB8-8B4A-11D0-8D11-00A0C91BC942}") = "Chap9_a10", "Chap9_10\Chap9_10.vcxproj", "{58F8C3D4-10E2-4962-95A9-E5AA086786E8}"
EndProject
Project("{8BC9CEB8-8B4A-11D0-8D11-00A0C91BC942}") = "Chap9_a11", "Chap9_a11\Chap9_a11.vcxproj", "{6275D57B-2BA1-487B-A2BA-F1FC752E8B30}"
EndProject
Project("{8BC9CEB8-8B4A-11D0-8D11-00A0C91BC942}") = "Chap9_a13", "Chap9_12\Chap9_12.vcxproj", "{5AFFDB5F-95A5-45A9-8CD2-AED13C84CDF7}"
EndProject
Project("{8BC9CEB8-8B4A-11D0-8D11-00A0C91BC942}") = "Chap9_a14", "Chap9_14\Chap9_14.vcxproj", "{7B78E063-390F-4D47-831F-5F8B9218C9F1}"
EndProject
Project("{8BC9CEB8-8B4A-11D0-8D11-00A0C91BC942}") = "Chap9_a15", "Chap9_15\Chap9_15.vcxproj", "{357802E6-BDE0-4FC3-8E60-D1F1D0C64725}"
EndProject
Project("{8BC9CEB8-8B4A-11D0-8D11-00A0C91BC942}") = "Chap9_a16", "Chap9_a16\Chap9_a16.vcxproj", "{5F0B15E2-CC0C-41A7-95C1-F1E2218C57BB}"
EndProject
Project("{8BC9CEB8-8B4A-11D0-8D11-00A0C91BC942}") = "Chap9_a17", "Chap9_a17\Chap9_a17.vcxproj", "{FCE3917F-7E5F-4507-93A3-886D045AEBB7}"
EndProject
Project("{8BC9CEB8-8B4A-11D0-8D11-00A0C91BC942}") = "Chap9_a18", "Chap9_a18\Chap9_a18.vcxproj", "{168114E8-BA8F-4141-B081-BF857B711996}"
EndProject
Project("{8BC9CEB8-8B4A-11D0-8D11-00A0C91BC942}") = "Chapter10_2", "Chap10_1\Chap10_1.vcxproj", "{66538D0C-EF28-479B-8245-B3EF10BED586}"
EndProject
Project("{8BC9CEB8-8B4A-11D0-8D11-00A0C91BC942}") = "Chap4_9", "Chap4_9\Chap4_9.vcxproj", "{FD3425E2-E31C-4C41-8E99-8D688267D42E}"
EndProject
Project("{8BC9CEB8-8B4A-11D0-8D11-00A0C91BC942}") = "Chap6_a16", "Chap6_a16\Chap6_a16.vcxproj", "{261D9A85-D481-48A9-8D64-A75676A987C5}"
EndProject
Project("{8BC9CEB8-8B4A-11D0-8D11-00A0C91BC942}") = "Chap6_a17", "Chap6_a17\Chap6_a17.vcxproj", "{8A8855CF-28E6-419E-B150-C436843D5945}"
EndProject
Project("{8BC9CEB8-8B4A-11D0-8D11-00A0C91BC942}") = "Chapter10_3", "Chapter10_3\Chapter10_3.vcxproj", "{FE18324B-BCB8-4E03-80F9-B3BAECFACFDE}"
EndProject
Project("{8BC9CEB8-8B4A-11D0-8D11-00A0C91BC942}") = "Chapter10_4", "Chapter10_4\Chapter10_4.vcxproj", "{19BF7EF7-252B-4AA5-B266-6117B6A76BA6}"
EndProject
Project("{8BC9CEB8-8B4A-11D0-8D11-00A0C91BC942}") = "Chapter10_5", "Chapter10_5\Chapter10_5.vcxproj", "{72853374-DB6A-42BC-9076-5013CB09C6EA}"
EndProject
Project("{8BC9CEB8-8B4A-11D0-8D11-00A0C91BC942}") = "Chapter10_6", "Chapter10_6\Chapter10_6.vcxproj", "{32425287-89F7-49D3-81F5-2D765BA5D92C}"
EndProject
Project("{8BC9CEB8-8B4A-11D0-8D11-00A0C91BC942}") = "Chapter10_7", "Chapter10_7\Chapter10_7.vcxproj", "{854C1F94-2AE6-47F7-806D-8C561D089980}"
EndProject
Project("{8BC9CEB8-8B4A-11D0-8D11-00A0C91BC942}") = "Chapter10_8", "Chap10_8\Chap10_8.vcxproj", "{D9DFFAC9-7216-4AB4-808A-012ED4A3D6BC}"
EndProject
Project("{8BC9CEB8-8B4A-11D0-8D11-00A0C91BC942}") = "Chapter10_9", "Chap10_9\Chap10_9.vcxproj", "{1EE0BED6-247E-47A3-88E0-B6E2EDEE3CDF}"
EndProject
Project("{8BC9CEB8-8B4A-11D0-8D11-00A0C91BC942}") = "Chapter10_a10", "Chapter10_10\Chapter10_10.vcxproj", "{959B47A0-D9DB-4E32-953D-9B977C3EC058}"
EndProject
Project("{8BC9CEB8-8B4A-11D0-8D11-00A0C91BC942}") = "Chapter10_a11", "Chapter10_11\Chapter10_11.vcxproj", "{E0D62AF9-76BF-435A-84DB-562AD7C6A076}"
EndProject
Project("{8BC9CEB8-8B4A-11D0-8D11-00A0C91BC942}") = "Chapter10_a12", "Chapter10_a12\Chapter10_a12.vcxproj", "{691CD1CE-9E49-4255-B879-76932300FD1A}"
EndProject
Project("{8BC9CEB8-8B4A-11D0-8D11-00A0C91BC942}") = "Chapter10_a13", "Chapter10_a13\Chapter10_a13.vcxproj", "{7654FC02-A82E-422D-9EEB-B6FF4CE34E80}"
EndProject
Project("{8BC9CEB8-8B4A-11D0-8D11-00A0C91BC942}") = "Chapter12_2", "Chapter12_1\Chapter12_1.vcxproj", "{3D05F668-EF53-4B46-8F24-A6D88D4B22F6}"
EndProject
Project("{8BC9CEB8-8B4A-11D0-8D11-00A0C91BC942}") = "Chapter10_a14", "Chapter10_a14\Chapter10_a14.vcxproj", "{00B96236-A822-4DFB-89FE-1F382335491D}"
EndProject
Project("{8BC9CEB8-8B4A-11D0-8D11-00A0C91BC942}") = "Chapter10_a17", "Chapter10_a17\Chapter10_a17.vcxproj", "{9FEC9F95-534F-472D-95C2-40F17AA139F5}"
EndProject
Project("{8BC9CEB8-8B4A-11D0-8D11-00A0C91BC942}") = "Chapter10_a18", "Chapter10_a18\Chapter10_a18.vcxproj", "{2D14EA17-6E66-4BCB-8A89-3F7C12867B87}"
EndProject
Project("{8BC9CEB8-8B4A-11D0-8D11-00A0C91BC942}") = "Chapter11_1", "Chapter11_1\Chapter11_1.vcxproj", "{9EC9AA90-4303-41E2-936B-FE9221D7CE93}"
EndProject
Project("{8BC9CEB8-8B4A-11D0-8D11-00A0C91BC942}") = "Chapter11_2", "Chapter11_2\Chapter11_2.vcxproj", "{7DF7EC84-0C39-47A0-8A1D-023C61CA4D20}"
EndProject
Project("{8BC9CEB8-8B4A-11D0-8D11-00A0C91BC942}") = "Chapter11_3", "Chapter11_3\Chapter11_3.vcxproj", "{08F74247-B599-4DB7-B576-C154A70983E1}"
EndProject
Project("{8BC9CEB8-8B4A-11D0-8D11-00A0C91BC942}") = "Chapter12_3", "Chapter12_3\Chapter12_3.vcxproj", "{853897A1-DD42-449B-AE42-97B99161D720}"
EndProject
Project("{8BC9CEB8-8B4A-11D0-8D11-00A0C91BC942}") = "Chapter12_3_Linkage", "Chapter12\Chapter12.vcxproj", "{ED4D6EAB-7AC2-4574-94E0-18744BAD73C8}"
EndProject
Project("{8BC9CEB8-8B4A-11D0-8D11-00A0C91BC942}") = "Chapter12_5", "Chapter12_5\Chapter12_5.vcxproj", "{D570C675-76A6-424E-AB36-3531A5391595}"
EndProject
Project("{8BC9CEB8-8B4A-11D0-8D11-00A0C91BC942}") = "Chapter12_6", "Chapter12_6\Chapter12_6.vcxproj", "{1127119E-6BB3-453B-B01E-31EB8837B7F6}"
EndProject
Project("{8BC9CEB8-8B4A-11D0-8D11-00A0C91BC942}") = "Chapter12_7", "Chapter12_7\Chapter12_7.vcxproj", "{0C9EE1F6-2963-42F0-8AD6-3869FD2F9CAB}"
EndProject
Project("{8BC9CEB8-8B4A-11D0-8D11-00A0C91BC942}") = "Chapter12_8", "Chapter12_8\Chapter12_8.vcxproj", "{D8EF7920-190E-4677-B727-CC7393778A5C}"
EndProject
Project("{8BC9CEB8-8B4A-11D0-8D11-00A0C91BC942}") = "Chapter12_9", "Chapter12_9\Chapter12_9.vcxproj", "{F962FF75-27C2-41E7-ACEE-E696D08E0A80}"
EndProject
Project("{8BC9CEB8-8B4A-11D0-8D11-00A0C91BC942}") = "Chapter12_a11", "Chapter12_11\Chapter12_11.vcxproj", "{2B2D82F2-F97B-46B4-B0E3-EB05655234A0}"
EndProject
Project("{8BC9CEB8-8B4A-11D0-8D11-00A0C91BC942}") = "Chapter12_a13", "Chapter12_10\Chapter12_10.vcxproj", "{5A8C7837-8229-439F-A97D-56ED0B7D56D3}"
EndProject
Project("{8BC9CEB8-8B4A-11D0-8D11-00A0C91BC942}") = "Chapter14_2", "Chapter14_1\Chapter14_1.vcxproj", "{7AFEB05E-B933-4423-9AB9-C91CE40DBDDE}"
EndProject
Project("{8BC9CEB8-8B4A-11D0-8D11-00A0C91BC942}") = "Chapter14_3", "Chapter14_3\Chapter14_3.vcxproj", "{E8088FE7-38D1-4FA7-87C0-5BF1BA52F6F4}"
EndProject
Project("{8BC9CEB8-8B4A-11D0-8D11-00A0C91BC942}") = "Chapter14_5", "Chapter14_4\Chapter14_4.vcxproj", "{D8C40E35-9383-4C17-9A38-CDE81BDC1A94}"
EndProject
Project("{8BC9CEB8-8B4A-11D0-8D11-00A0C91BC942}") = "Chapter14_6_a", "Chapter14_6\Chapter14_6.vcxproj", "{6EBC13CB-DFA5-4878-8A42-FE4094CA7015}"
EndProject
Project("{8BC9CEB8-8B4A-11D0-8D11-00A0C91BC942}") = "Chapter14_6_b", "Chapter14_6_b\Chapter14_6_b.vcxproj", "{187DE966-CACA-4D21-86AA-A430DB67AB2D}"
EndProject
Project("{8BC9CEB8-8B4A-11D0-8D11-00A0C91BC942}") = "Chapter14_6_c", "Chapter 14_6_c\Chapter 14_6_c.vcxproj", "{ACBECB07-6B5D-41C0-8BFE-D70498148D84}"
EndProject
Project("{8BC9CEB8-8B4A-11D0-8D11-00A0C91BC942}") = "Chapter14_7", "Chapter14_7\Chapter14_7.vcxproj", "{6534E737-E14D-4329-82C3-FF52CBD81FEC}"
EndProject
Project("{8BC9CEB8-8B4A-11D0-8D11-00A0C91BC942}") = "Chap4_a10", "Chap4_10\Chap4_10.vcxproj", "{25D004B9-4A51-4B7F-A397-21715A894CC9}"
EndProject
Project("{8BC9CEB8-8B4A-11D0-8D11-00A0C91BC942}") = "Chap6_1", "Chap6_1\Chap6_1.vcxproj", "{CF70CDF6-C78F-4213-927D-18FE65D028CA}"
EndProject
Project("{8BC9CEB8-8B4A-11D0-8D11-00A0C91BC942}") = "Chap7_2", "Chap7_2\Chap7_2.vcxproj", "{B595283B-8148-4382-9799-1C4E94CE44E8}"
EndProject
Project("{8BC9CEB8-8B4A-11D0-8D11-00A0C91BC942}") = "Chap7_3", "Chap7_3\Chap7_3.vcxproj", "{42D4A927-4748-4FDB-ACE1-2CC06FFB32BC}"
EndProject
Project("{8BC9CEB8-8B4A-11D0-8D11-00A0C91BC942}") = "Chap7_6", "Chap7_6\Chap7_6.vcxproj", "{E711AAD4-5686-4044-A727-B9234A6CE471}"
EndProject
Project("{8BC9CEB8-8B4A-11D0-8D11-00A0C91BC942}") = "Chap7_8", "Chap7_8\Chap7_8.vcxproj", "{E6D5A4AD-B302-4A88-9754-ED58A5B2CE1E}"
EndProject
Project("{8BC9CEB8-8B4A-11D0-8D11-00A0C91BC942}") = "Chap8_1", "Chap8_1\Chap8_1.vcxproj", "{B96A373C-2C2F-4070-8F51-63A44F4E28AD}"
EndProject
Project("{8BC9CEB8-8B4A-11D0-8D11-00A0C91BC942}") = "Chap8_2", "Chap8_2\Chap8_2.vcxproj", "{6CC8C059-4227-480E-86EF-986CE38D4BAC}"
EndProject
Project("{8BC9CEB8-8B4A-11D0-8D11-00A0C91BC942}") = "Chap8_3", "Chap8_3\Chap8_3.vcxproj", "{5102977C-342E-4B8A-A3E0-754EA35F0E19}"
EndProject
Project("{8BC9CEB8-8B4A-11D0-8D11-00A0C91BC942}") = "Chap8_4", "Chap8_4\Chap8_4.vcxproj", "{A73AD28D-BCA3-4000-9482-CB3A1739D21E}"
EndProject
Project("{8BC9CEB8-8B4A-11D0-8D11-00A0C91BC942}") = "Chap8_5", "Chap8_5\Chap8_5.vcxproj", "{EB3BD02E-3789-4D12-AC02-5C8E1BD66C85}"
EndProject
Project("{8BC9CEB8-8B4A-11D0-8D11-00A0C91BC942}") = "Chap8_6", "Chap8_6\Chap8_6.vcxproj", "{15EC9AFB-499E-4997-A375-1C05F1EBBE41}"
EndProject
Project("{8BC9CEB8-8B4A-11D0-8D11-00A0C91BC942}") = "Chapter Temp", "Chapter Temp\Chapter Temp.vcxproj", "{E9AB7210-656D-4BB7-9EDC-8C4D1A986395}"
EndProject
Project("{8BC9CEB8-8B4A-11D0-8D11-00A0C91BC942}") = "Chap8_7", "Chap8_7\Chap8_7.vcxproj", "{58AAD74E-E48C-4282-8649-1651D2D2F795}"
EndProject
Project("{8BC9CEB8-8B4A-11D0-8D11-00A0C91BC942}") = "Chap8_8", "Chap8_8\Chap8_8.vcxproj", "{8C18918B-5E1B-4CA2-A889-645A6008A53F}"
EndProject
Project("{8BC9CEB8-8B4A-11D0-8D11-00A0C91BC942}") = "Chap8_9", "Chap8_9\Chap8_9.vcxproj", "{29F4D052-1057-46B8-ABD7-4A3C09F829EF}"
EndProject
Project("{8BC9CEB8-8B4A-11D0-8D11-00A0C91BC942}") = "Test", "Test\Test.vcxproj", "{2E273D3B-95BC-487A-85EB-ED9EB24E484D}"
EndProject
Project("{8BC9CEB8-8B4A-11D0-8D11-00A0C91BC942}") = "Chapter11_4", "Chap11_4\Chap11_4.vcxproj", "{10C3C90E-3EB0-4DB8-8C9B-EBB4DE16A6B8}"
EndProject
Project("{8BC9CEB8-8B4A-11D0-8D11-00A0C91BC942}") = "Chapter11_5", "Chapter11_5\Chapter11_5.vcxproj", "{A49562C9-9348-444F-888E-08B10034E93D}"
EndProject
Global
	GlobalSection(SolutionConfigurationPlatforms) = preSolution
		Debug|x64 = Debug|x64
		Debug|x86 = Debug|x86
		Release|x64 = Release|x64
		Release|x86 = Release|x86
	EndGlobalSection
	GlobalSection(ProjectConfigurationPlatforms) = postSolution
		{9DBE738A-2288-4D42-9847-D8FF4A38ADEE}.Debug|x64.ActiveCfg = Debug|x64
		{9DBE738A-2288-4D42-9847-D8FF4A38ADEE}.Debug|x64.Build.0 = Debug|x64
		{9DBE738A-2288-4D42-9847-D8FF4A38ADEE}.Debug|x86.ActiveCfg = Debug|Win32
		{9DBE738A-2288-4D42-9847-D8FF4A38ADEE}.Debug|x86.Build.0 = Debug|Win32
		{9DBE738A-2288-4D42-9847-D8FF4A38ADEE}.Release|x64.ActiveCfg = Release|x64
		{9DBE738A-2288-4D42-9847-D8FF4A38ADEE}.Release|x64.Build.0 = Release|x64
		{9DBE738A-2288-4D42-9847-D8FF4A38ADEE}.Release|x86.ActiveCfg = Release|Win32
		{9DBE738A-2288-4D42-9847-D8FF4A38ADEE}.Release|x86.Build.0 = Release|Win32
		{F7956887-F4CC-4E99-ABFD-EB2FEECBFBEF}.Debug|x64.ActiveCfg = Debug|x64
		{F7956887-F4CC-4E99-ABFD-EB2FEECBFBEF}.Debug|x64.Build.0 = Debug|x64
		{F7956887-F4CC-4E99-ABFD-EB2FEECBFBEF}.Debug|x86.ActiveCfg = Debug|Win32
		{F7956887-F4CC-4E99-ABFD-EB2FEECBFBEF}.Debug|x86.Build.0 = Debug|Win32
		{F7956887-F4CC-4E99-ABFD-EB2FEECBFBEF}.Release|x64.ActiveCfg = Release|x64
		{F7956887-F4CC-4E99-ABFD-EB2FEECBFBEF}.Release|x64.Build.0 = Release|x64
		{F7956887-F4CC-4E99-ABFD-EB2FEECBFBEF}.Release|x86.ActiveCfg = Release|Win32
		{F7956887-F4CC-4E99-ABFD-EB2FEECBFBEF}.Release|x86.Build.0 = Release|Win32
		{8BC90E4B-287E-4D76-BB08-FE35A4D189ED}.Debug|x64.ActiveCfg = Debug|x64
		{8BC90E4B-287E-4D76-BB08-FE35A4D189ED}.Debug|x64.Build.0 = Debug|x64
		{8BC90E4B-287E-4D76-BB08-FE35A4D189ED}.Debug|x86.ActiveCfg = Debug|Win32
		{8BC90E4B-287E-4D76-BB08-FE35A4D189ED}.Debug|x86.Build.0 = Debug|Win32
		{8BC90E4B-287E-4D76-BB08-FE35A4D189ED}.Release|x64.ActiveCfg = Release|x64
		{8BC90E4B-287E-4D76-BB08-FE35A4D189ED}.Release|x64.Build.0 = Release|x64
		{8BC90E4B-287E-4D76-BB08-FE35A4D189ED}.Release|x86.ActiveCfg = Release|Win32
		{8BC90E4B-287E-4D76-BB08-FE35A4D189ED}.Release|x86.Build.0 = Release|Win32
		{F93DBEE3-58A2-49D4-B3C6-3DE9CD0B8FA1}.Debug|x64.ActiveCfg = Debug|x64
		{F93DBEE3-58A2-49D4-B3C6-3DE9CD0B8FA1}.Debug|x64.Build.0 = Debug|x64
		{F93DBEE3-58A2-49D4-B3C6-3DE9CD0B8FA1}.Debug|x86.ActiveCfg = Debug|Win32
		{F93DBEE3-58A2-49D4-B3C6-3DE9CD0B8FA1}.Debug|x86.Build.0 = Debug|Win32
		{F93DBEE3-58A2-49D4-B3C6-3DE9CD0B8FA1}.Release|x64.ActiveCfg = Release|x64
		{F93DBEE3-58A2-49D4-B3C6-3DE9CD0B8FA1}.Release|x64.Build.0 = Release|x64
		{F93DBEE3-58A2-49D4-B3C6-3DE9CD0B8FA1}.Release|x86.ActiveCfg = Release|Win32
		{F93DBEE3-58A2-49D4-B3C6-3DE9CD0B8FA1}.Release|x86.Build.0 = Release|Win32
		{B5EF9104-9D46-4182-B348-5BED57D9B7A4}.Debug|x64.ActiveCfg = Debug|x64
		{B5EF9104-9D46-4182-B348-5BED57D9B7A4}.Debug|x64.Build.0 = Debug|x64
		{B5EF9104-9D46-4182-B348-5BED57D9B7A4}.Debug|x86.ActiveCfg = Debug|Win32
		{B5EF9104-9D46-4182-B348-5BED57D9B7A4}.Debug|x86.Build.0 = Debug|Win32
		{B5EF9104-9D46-4182-B348-5BED57D9B7A4}.Release|x64.ActiveCfg = Release|x64
		{B5EF9104-9D46-4182-B348-5BED57D9B7A4}.Release|x64.Build.0 = Release|x64
		{B5EF9104-9D46-4182-B348-5BED57D9B7A4}.Release|x86.ActiveCfg = Release|Win32
		{B5EF9104-9D46-4182-B348-5BED57D9B7A4}.Release|x86.Build.0 = Release|Win32
		{0D80B5F4-B05C-4563-B813-396F8C55233B}.Debug|x64.ActiveCfg = Debug|x64
		{0D80B5F4-B05C-4563-B813-396F8C55233B}.Debug|x64.Build.0 = Debug|x64
		{0D80B5F4-B05C-4563-B813-396F8C55233B}.Debug|x86.ActiveCfg = Debug|Win32
		{0D80B5F4-B05C-4563-B813-396F8C55233B}.Debug|x86.Build.0 = Debug|Win32
		{0D80B5F4-B05C-4563-B813-396F8C55233B}.Release|x64.ActiveCfg = Release|x64
		{0D80B5F4-B05C-4563-B813-396F8C55233B}.Release|x64.Build.0 = Release|x64
		{0D80B5F4-B05C-4563-B813-396F8C55233B}.Release|x86.ActiveCfg = Release|Win32
		{0D80B5F4-B05C-4563-B813-396F8C55233B}.Release|x86.Build.0 = Release|Win32
		{7B27696A-6B6C-48CD-AAC4-E7C2BF9F308B}.Debug|x64.ActiveCfg = Debug|x64
		{7B27696A-6B6C-48CD-AAC4-E7C2BF9F308B}.Debug|x64.Build.0 = Debug|x64
		{7B27696A-6B6C-48CD-AAC4-E7C2BF9F308B}.Debug|x86.ActiveCfg = Debug|Win32
		{7B27696A-6B6C-48CD-AAC4-E7C2BF9F308B}.Debug|x86.Build.0 = Debug|Win32
		{7B27696A-6B6C-48CD-AAC4-E7C2BF9F308B}.Release|x64.ActiveCfg = Release|x64
		{7B27696A-6B6C-48CD-AAC4-E7C2BF9F308B}.Release|x64.Build.0 = Release|x64
		{7B27696A-6B6C-48CD-AAC4-E7C2BF9F308B}.Release|x86.ActiveCfg = Release|Win32
		{7B27696A-6B6C-48CD-AAC4-E7C2BF9F308B}.Release|x86.Build.0 = Release|Win32
		{EF7D3D1B-F189-4DD8-97FA-06F487CB33E7}.Debug|x64.ActiveCfg = Debug|x64
		{EF7D3D1B-F189-4DD8-97FA-06F487CB33E7}.Debug|x64.Build.0 = Debug|x64
		{EF7D3D1B-F189-4DD8-97FA-06F487CB33E7}.Debug|x86.ActiveCfg = Debug|Win32
		{EF7D3D1B-F189-4DD8-97FA-06F487CB33E7}.Debug|x86.Build.0 = Debug|Win32
		{EF7D3D1B-F189-4DD8-97FA-06F487CB33E7}.Release|x64.ActiveCfg = Release|x64
		{EF7D3D1B-F189-4DD8-97FA-06F487CB33E7}.Release|x64.Build.0 = Release|x64
		{EF7D3D1B-F189-4DD8-97FA-06F487CB33E7}.Release|x86.ActiveCfg = Release|Win32
		{EF7D3D1B-F189-4DD8-97FA-06F487CB33E7}.Release|x86.Build.0 = Release|Win32
		{DBE7484D-B03E-4194-BF22-EA88A8AB079A}.Debug|x64.ActiveCfg = Debug|x64
		{DBE7484D-B03E-4194-BF22-EA88A8AB079A}.Debug|x64.Build.0 = Debug|x64
		{DBE7484D-B03E-4194-BF22-EA88A8AB079A}.Debug|x86.ActiveCfg = Debug|Win32
		{DBE7484D-B03E-4194-BF22-EA88A8AB079A}.Debug|x86.Build.0 = Debug|Win32
		{DBE7484D-B03E-4194-BF22-EA88A8AB079A}.Release|x64.ActiveCfg = Release|x64
		{DBE7484D-B03E-4194-BF22-EA88A8AB079A}.Release|x64.Build.0 = Release|x64
		{DBE7484D-B03E-4194-BF22-EA88A8AB079A}.Release|x86.ActiveCfg = Release|Win32
		{DBE7484D-B03E-4194-BF22-EA88A8AB079A}.Release|x86.Build.0 = Release|Win32
		{F1202046-0334-48B5-B34A-6602B9C48C91}.Debug|x64.ActiveCfg = Debug|x64
		{F1202046-0334-48B5-B34A-6602B9C48C91}.Debug|x64.Build.0 = Debug|x64
		{F1202046-0334-48B5-B34A-6602B9C48C91}.Debug|x86.ActiveCfg = Debug|Win32
		{F1202046-0334-48B5-B34A-6602B9C48C91}.Debug|x86.Build.0 = Debug|Win32
		{F1202046-0334-48B5-B34A-6602B9C48C91}.Release|x64.ActiveCfg = Release|x64
		{F1202046-0334-48B5-B34A-6602B9C48C91}.Release|x64.Build.0 = Release|x64
		{F1202046-0334-48B5-B34A-6602B9C48C91}.Release|x86.ActiveCfg = Release|Win32
		{F1202046-0334-48B5-B34A-6602B9C48C91}.Release|x86.Build.0 = Release|Win32
		{4B16D59A-41F5-4108-935D-48D6A787C620}.Debug|x64.ActiveCfg = Debug|x64
		{4B16D59A-41F5-4108-935D-48D6A787C620}.Debug|x64.Build.0 = Debug|x64
		{4B16D59A-41F5-4108-935D-48D6A787C620}.Debug|x86.ActiveCfg = Debug|Win32
		{4B16D59A-41F5-4108-935D-48D6A787C620}.Debug|x86.Build.0 = Debug|Win32
		{4B16D59A-41F5-4108-935D-48D6A787C620}.Release|x64.ActiveCfg = Release|x64
		{4B16D59A-41F5-4108-935D-48D6A787C620}.Release|x64.Build.0 = Release|x64
		{4B16D59A-41F5-4108-935D-48D6A787C620}.Release|x86.ActiveCfg = Release|Win32
		{4B16D59A-41F5-4108-935D-48D6A787C620}.Release|x86.Build.0 = Release|Win32
		{EA14BF7E-7308-40DC-AC40-5D57337D2C39}.Debug|x64.ActiveCfg = Debug|x64
		{EA14BF7E-7308-40DC-AC40-5D57337D2C39}.Debug|x64.Build.0 = Debug|x64
		{EA14BF7E-7308-40DC-AC40-5D57337D2C39}.Debug|x86.ActiveCfg = Debug|Win32
		{EA14BF7E-7308-40DC-AC40-5D57337D2C39}.Debug|x86.Build.0 = Debug|Win32
		{EA14BF7E-7308-40DC-AC40-5D57337D2C39}.Release|x64.ActiveCfg = Release|x64
		{EA14BF7E-7308-40DC-AC40-5D57337D2C39}.Release|x64.Build.0 = Release|x64
		{EA14BF7E-7308-40DC-AC40-5D57337D2C39}.Release|x86.ActiveCfg = Release|Win32
		{EA14BF7E-7308-40DC-AC40-5D57337D2C39}.Release|x86.Build.0 = Release|Win32
		{645993DE-A849-4CCE-B623-67AF3E46E419}.Debug|x64.ActiveCfg = Debug|x64
		{645993DE-A849-4CCE-B623-67AF3E46E419}.Debug|x64.Build.0 = Debug|x64
		{645993DE-A849-4CCE-B623-67AF3E46E419}.Debug|x86.ActiveCfg = Debug|Win32
		{645993DE-A849-4CCE-B623-67AF3E46E419}.Debug|x86.Build.0 = Debug|Win32
		{645993DE-A849-4CCE-B623-67AF3E46E419}.Release|x64.ActiveCfg = Release|x64
		{645993DE-A849-4CCE-B623-67AF3E46E419}.Release|x64.Build.0 = Release|x64
		{645993DE-A849-4CCE-B623-67AF3E46E419}.Release|x86.ActiveCfg = Release|Win32
		{645993DE-A849-4CCE-B623-67AF3E46E419}.Release|x86.Build.0 = Release|Win32
		{34D875FE-2FAD-4E37-9685-04A752C3D49A}.Debug|x64.ActiveCfg = Debug|x64
		{34D875FE-2FAD-4E37-9685-04A752C3D49A}.Debug|x64.Build.0 = Debug|x64
		{34D875FE-2FAD-4E37-9685-04A752C3D49A}.Debug|x86.ActiveCfg = Debug|Win32
		{34D875FE-2FAD-4E37-9685-04A752C3D49A}.Debug|x86.Build.0 = Debug|Win32
		{34D875FE-2FAD-4E37-9685-04A752C3D49A}.Release|x64.ActiveCfg = Release|x64
		{34D875FE-2FAD-4E37-9685-04A752C3D49A}.Release|x64.Build.0 = Release|x64
		{34D875FE-2FAD-4E37-9685-04A752C3D49A}.Release|x86.ActiveCfg = Release|Win32
		{34D875FE-2FAD-4E37-9685-04A752C3D49A}.Release|x86.Build.0 = Release|Win32
		{58F8C3D4-10E2-4962-95A9-E5AA086786E8}.Debug|x64.ActiveCfg = Debug|x64
		{58F8C3D4-10E2-4962-95A9-E5AA086786E8}.Debug|x64.Build.0 = Debug|x64
		{58F8C3D4-10E2-4962-95A9-E5AA086786E8}.Debug|x86.ActiveCfg = Debug|Win32
		{58F8C3D4-10E2-4962-95A9-E5AA086786E8}.Debug|x86.Build.0 = Debug|Win32
		{58F8C3D4-10E2-4962-95A9-E5AA086786E8}.Release|x64.ActiveCfg = Release|x64
		{58F8C3D4-10E2-4962-95A9-E5AA086786E8}.Release|x64.Build.0 = Release|x64
		{58F8C3D4-10E2-4962-95A9-E5AA086786E8}.Release|x86.ActiveCfg = Release|Win32
		{58F8C3D4-10E2-4962-95A9-E5AA086786E8}.Release|x86.Build.0 = Release|Win32
		{6275D57B-2BA1-487B-A2BA-F1FC752E8B30}.Debug|x64.ActiveCfg = Debug|x64
		{6275D57B-2BA1-487B-A2BA-F1FC752E8B30}.Debug|x64.Build.0 = Debug|x64
		{6275D57B-2BA1-487B-A2BA-F1FC752E8B30}.Debug|x86.ActiveCfg = Debug|Win32
		{6275D57B-2BA1-487B-A2BA-F1FC752E8B30}.Debug|x86.Build.0 = Debug|Win32
		{6275D57B-2BA1-487B-A2BA-F1FC752E8B30}.Release|x64.ActiveCfg = Release|x64
		{6275D57B-2BA1-487B-A2BA-F1FC752E8B30}.Release|x64.Build.0 = Release|x64
		{6275D57B-2BA1-487B-A2BA-F1FC752E8B30}.Release|x86.ActiveCfg = Release|Win32
		{6275D57B-2BA1-487B-A2BA-F1FC752E8B30}.Release|x86.Build.0 = Release|Win32
		{5AFFDB5F-95A5-45A9-8CD2-AED13C84CDF7}.Debug|x64.ActiveCfg = Debug|x64
		{5AFFDB5F-95A5-45A9-8CD2-AED13C84CDF7}.Debug|x64.Build.0 = Debug|x64
		{5AFFDB5F-95A5-45A9-8CD2-AED13C84CDF7}.Debug|x86.ActiveCfg = Debug|Win32
		{5AFFDB5F-95A5-45A9-8CD2-AED13C84CDF7}.Debug|x86.Build.0 = Debug|Win32
		{5AFFDB5F-95A5-45A9-8CD2-AED13C84CDF7}.Release|x64.ActiveCfg = Release|x64
		{5AFFDB5F-95A5-45A9-8CD2-AED13C84CDF7}.Release|x64.Build.0 = Release|x64
		{5AFFDB5F-95A5-45A9-8CD2-AED13C84CDF7}.Release|x86.ActiveCfg = Release|Win32
		{5AFFDB5F-95A5-45A9-8CD2-AED13C84CDF7}.Release|x86.Build.0 = Release|Win32
		{7B78E063-390F-4D47-831F-5F8B9218C9F1}.Debug|x64.ActiveCfg = Debug|x64
		{7B78E063-390F-4D47-831F-5F8B9218C9F1}.Debug|x64.Build.0 = Debug|x64
		{7B78E063-390F-4D47-831F-5F8B9218C9F1}.Debug|x86.ActiveCfg = Debug|Win32
		{7B78E063-390F-4D47-831F-5F8B9218C9F1}.Debug|x86.Build.0 = Debug|Win32
		{7B78E063-390F-4D47-831F-5F8B9218C9F1}.Release|x64.ActiveCfg = Release|x64
		{7B78E063-390F-4D47-831F-5F8B9218C9F1}.Release|x64.Build.0 = Release|x64
		{7B78E063-390F-4D47-831F-5F8B9218C9F1}.Release|x86.ActiveCfg = Release|Win32
		{7B78E063-390F-4D47-831F-5F8B9218C9F1}.Release|x86.Build.0 = Release|Win32
		{357802E6-BDE0-4FC3-8E60-D1F1D0C64725}.Debug|x64.ActiveCfg = Debug|x64
		{357802E6-BDE0-4FC3-8E60-D1F1D0C64725}.Debug|x64.Build.0 = Debug|x64
		{357802E6-BDE0-4FC3-8E60-D1F1D0C64725}.Debug|x86.ActiveCfg = Debug|Win32
		{357802E6-BDE0-4FC3-8E60-D1F1D0C64725}.Debug|x86.Build.0 = Debug|Win32
		{357802E6-BDE0-4FC3-8E60-D1F1D0C64725}.Release|x64.ActiveCfg = Release|x64
		{357802E6-BDE0-4FC3-8E60-D1F1D0C64725}.Release|x64.Build.0 = Release|x64
		{357802E6-BDE0-4FC3-8E60-D1F1D0C64725}.Release|x86.ActiveCfg = Release|Win32
		{357802E6-BDE0-4FC3-8E60-D1F1D0C64725}.Release|x86.Build.0 = Release|Win32
		{5F0B15E2-CC0C-41A7-95C1-F1E2218C57BB}.Debug|x64.ActiveCfg = Debug|x64
		{5F0B15E2-CC0C-41A7-95C1-F1E2218C57BB}.Debug|x64.Build.0 = Debug|x64
		{5F0B15E2-CC0C-41A7-95C1-F1E2218C57BB}.Debug|x86.ActiveCfg = Debug|Win32
		{5F0B15E2-CC0C-41A7-95C1-F1E2218C57BB}.Debug|x86.Build.0 = Debug|Win32
		{5F0B15E2-CC0C-41A7-95C1-F1E2218C57BB}.Release|x64.ActiveCfg = Release|x64
		{5F0B15E2-CC0C-41A7-95C1-F1E2218C57BB}.Release|x64.Build.0 = Release|x64
		{5F0B15E2-CC0C-41A7-95C1-F1E2218C57BB}.Release|x86.ActiveCfg = Release|Win32
		{5F0B15E2-CC0C-41A7-95C1-F1E2218C57BB}.Release|x86.Build.0 = Release|Win32
		{FCE3917F-7E5F-4507-93A3-886D045AEBB7}.Debug|x64.ActiveCfg = Debug|x64
		{FCE3917F-7E5F-4507-93A3-886D045AEBB7}.Debug|x64.Build.0 = Debug|x64
		{FCE3917F-7E5F-4507-93A3-886D045AEBB7}.Debug|x86.ActiveCfg = Debug|Win32
		{FCE3917F-7E5F-4507-93A3-886D045AEBB7}.Debug|x86.Build.0 = Debug|Win32
		{FCE3917F-7E5F-4507-93A3-886D045AEBB7}.Release|x64.ActiveCfg = Release|x64
		{FCE3917F-7E5F-4507-93A3-886D045AEBB7}.Release|x64.Build.0 = Release|x64
		{FCE3917F-7E5F-4507-93A3-886D045AEBB7}.Release|x86.ActiveCfg = Release|Win32
		{FCE3917F-7E5F-4507-93A3-886D045AEBB7}.Release|x86.Build.0 = Release|Win32
		{168114E8-BA8F-4141-B081-BF857B711996}.Debug|x64.ActiveCfg = Debug|x64
		{168114E8-BA8F-4141-B081-BF857B711996}.Debug|x64.Build.0 = Debug|x64
		{168114E8-BA8F-4141-B081-BF857B711996}.Debug|x86.ActiveCfg = Debug|Win32
		{168114E8-BA8F-4141-B081-BF857B711996}.Debug|x86.Build.0 = Debug|Win32
		{168114E8-BA8F-4141-B081-BF857B711996}.Release|x64.ActiveCfg = Release|x64
		{168114E8-BA8F-4141-B081-BF857B711996}.Release|x64.Build.0 = Release|x64
		{168114E8-BA8F-4141-B081-BF857B711996}.Release|x86.ActiveCfg = Release|Win32
		{168114E8-BA8F-4141-B081-BF857B711996}.Release|x86.Build.0 = Release|Win32
		{66538D0C-EF28-479B-8245-B3EF10BED586}.Debug|x64.ActiveCfg = Debug|x64
		{66538D0C-EF28-479B-8245-B3EF10BED586}.Debug|x64.Build.0 = Debug|x64
		{66538D0C-EF28-479B-8245-B3EF10BED586}.Debug|x86.ActiveCfg = Debug|Win32
		{66538D0C-EF28-479B-8245-B3EF10BED586}.Debug|x86.Build.0 = Debug|Win32
		{66538D0C-EF28-479B-8245-B3EF10BED586}.Release|x64.ActiveCfg = Release|x64
		{66538D0C-EF28-479B-8245-B3EF10BED586}.Release|x64.Build.0 = Release|x64
		{66538D0C-EF28-479B-8245-B3EF10BED586}.Release|x86.ActiveCfg = Release|Win32
		{66538D0C-EF28-479B-8245-B3EF10BED586}.Release|x86.Build.0 = Release|Win32
		{FD3425E2-E31C-4C41-8E99-8D688267D42E}.Debug|x64.ActiveCfg = Debug|x64
		{FD3425E2-E31C-4C41-8E99-8D688267D42E}.Debug|x64.Build.0 = Debug|x64
		{FD3425E2-E31C-4C41-8E99-8D688267D42E}.Debug|x86.ActiveCfg = Debug|Win32
		{FD3425E2-E31C-4C41-8E99-8D688267D42E}.Debug|x86.Build.0 = Debug|Win32
		{FD3425E2-E31C-4C41-8E99-8D688267D42E}.Release|x64.ActiveCfg = Release|x64
		{FD3425E2-E31C-4C41-8E99-8D688267D42E}.Release|x64.Build.0 = Release|x64
		{FD3425E2-E31C-4C41-8E99-8D688267D42E}.Release|x86.ActiveCfg = Release|Win32
		{FD3425E2-E31C-4C41-8E99-8D688267D42E}.Release|x86.Build.0 = Release|Win32
		{261D9A85-D481-48A9-8D64-A75676A987C5}.Debug|x64.ActiveCfg = Debug|x64
		{261D9A85-D481-48A9-8D64-A75676A987C5}.Debug|x64.Build.0 = Debug|x64
		{261D9A85-D481-48A9-8D64-A75676A987C5}.Debug|x86.ActiveCfg = Debug|Win32
		{261D9A85-D481-48A9-8D64-A75676A987C5}.Debug|x86.Build.0 = Debug|Win32
		{261D9A85-D481-48A9-8D64-A75676A987C5}.Release|x64.ActiveCfg = Release|x64
		{261D9A85-D481-48A9-8D64-A75676A987C5}.Release|x64.Build.0 = Release|x64
		{261D9A85-D481-48A9-8D64-A75676A987C5}.Release|x86.ActiveCfg = Release|Win32
		{261D9A85-D481-48A9-8D64-A75676A987C5}.Release|x86.Build.0 = Release|Win32
		{8A8855CF-28E6-419E-B150-C436843D5945}.Debug|x64.ActiveCfg = Debug|x64
		{8A8855CF-28E6-419E-B150-C436843D5945}.Debug|x64.Build.0 = Debug|x64
		{8A8855CF-28E6-419E-B150-C436843D5945}.Debug|x86.ActiveCfg = Debug|Win32
		{8A8855CF-28E6-419E-B150-C436843D5945}.Debug|x86.Build.0 = Debug|Win32
		{8A8855CF-28E6-419E-B150-C436843D5945}.Release|x64.ActiveCfg = Release|x64
		{8A8855CF-28E6-419E-B150-C436843D5945}.Release|x64.Build.0 = Release|x64
		{8A8855CF-28E6-419E-B150-C436843D5945}.Release|x86.ActiveCfg = Release|Win32
		{8A8855CF-28E6-419E-B150-C436843D5945}.Release|x86.Build.0 = Release|Win32
		{FE18324B-BCB8-4E03-80F9-B3BAECFACFDE}.Debug|x64.ActiveCfg = Debug|x64
		{FE18324B-BCB8-4E03-80F9-B3BAECFACFDE}.Debug|x64.Build.0 = Debug|x64
		{FE18324B-BCB8-4E03-80F9-B3BAECFACFDE}.Debug|x86.ActiveCfg = Debug|Win32
		{FE18324B-BCB8-4E03-80F9-B3BAECFACFDE}.Debug|x86.Build.0 = Debug|Win32
		{FE18324B-BCB8-4E03-80F9-B3BAECFACFDE}.Release|x64.ActiveCfg = Release|x64
		{FE18324B-BCB8-4E03-80F9-B3BAECFACFDE}.Release|x64.Build.0 = Release|x64
		{FE18324B-BCB8-4E03-80F9-B3BAECFACFDE}.Release|x86.ActiveCfg = Release|Win32
		{FE18324B-BCB8-4E03-80F9-B3BAECFACFDE}.Release|x86.Build.0 = Release|Win32
		{19BF7EF7-252B-4AA5-B266-6117B6A76BA6}.Debug|x64.ActiveCfg = Debug|x64
		{19BF7EF7-252B-4AA5-B266-6117B6A76BA6}.Debug|x64.Build.0 = Debug|x64
		{19BF7EF7-252B-4AA5-B266-6117B6A76BA6}.Debug|x86.ActiveCfg = Debug|Win32
		{19BF7EF7-252B-4AA5-B266-6117B6A76BA6}.Debug|x86.Build.0 = Debug|Win32
		{19BF7EF7-252B-4AA5-B266-6117B6A76BA6}.Release|x64.ActiveCfg = Release|x64
		{19BF7EF7-252B-4AA5-B266-6117B6A76BA6}.Release|x64.Build.0 = Release|x64
		{19BF7EF7-252B-4AA5-B266-6117B6A76BA6}.Release|x86.ActiveCfg = Release|Win32
		{19BF7EF7-252B-4AA5-B266-6117B6A76BA6}.Release|x86.Build.0 = Release|Win32
		{72853374-DB6A-42BC-9076-5013CB09C6EA}.Debug|x64.ActiveCfg = Debug|x64
		{72853374-DB6A-42BC-9076-5013CB09C6EA}.Debug|x64.Build.0 = Debug|x64
		{72853374-DB6A-42BC-9076-5013CB09C6EA}.Debug|x86.ActiveCfg = Debug|Win32
		{72853374-DB6A-42BC-9076-5013CB09C6EA}.Debug|x86.Build.0 = Debug|Win32
		{72853374-DB6A-42BC-9076-5013CB09C6EA}.Release|x64.ActiveCfg = Release|x64
		{72853374-DB6A-42BC-9076-5013CB09C6EA}.Release|x64.Build.0 = Release|x64
		{72853374-DB6A-42BC-9076-5013CB09C6EA}.Release|x86.ActiveCfg = Release|Win32
		{72853374-DB6A-42BC-9076-5013CB09C6EA}.Release|x86.Build.0 = Release|Win32
		{32425287-89F7-49D3-81F5-2D765BA5D92C}.Debug|x64.ActiveCfg = Debug|x64
		{32425287-89F7-49D3-81F5-2D765BA5D92C}.Debug|x64.Build.0 = Debug|x64
		{32425287-89F7-49D3-81F5-2D765BA5D92C}.Debug|x86.ActiveCfg = Debug|Win32
		{32425287-89F7-49D3-81F5-2D765BA5D92C}.Debug|x86.Build.0 = Debug|Win32
		{32425287-89F7-49D3-81F5-2D765BA5D92C}.Release|x64.ActiveCfg = Release|x64
		{32425287-89F7-49D3-81F5-2D765BA5D92C}.Release|x64.Build.0 = Release|x64
		{32425287-89F7-49D3-81F5-2D765BA5D92C}.Release|x86.ActiveCfg = Release|Win32
		{32425287-89F7-49D3-81F5-2D765BA5D92C}.Release|x86.Build.0 = Release|Win32
		{854C1F94-2AE6-47F7-806D-8C561D089980}.Debug|x64.ActiveCfg = Debug|x64
		{854C1F94-2AE6-47F7-806D-8C561D089980}.Debug|x64.Build.0 = Debug|x64
		{854C1F94-2AE6-47F7-806D-8C561D089980}.Debug|x86.ActiveCfg = Debug|Win32
		{854C1F94-2AE6-47F7-806D-8C561D089980}.Debug|x86.Build.0 = Debug|Win32
		{854C1F94-2AE6-47F7-806D-8C561D089980}.Release|x64.ActiveCfg = Release|x64
		{854C1F94-2AE6-47F7-806D-8C561D089980}.Release|x64.Build.0 = Release|x64
		{854C1F94-2AE6-47F7-806D-8C561D089980}.Release|x86.ActiveCfg = Release|Win32
		{854C1F94-2AE6-47F7-806D-8C561D089980}.Release|x86.Build.0 = Release|Win32
		{D9DFFAC9-7216-4AB4-808A-012ED4A3D6BC}.Debug|x64.ActiveCfg = Debug|x64
		{D9DFFAC9-7216-4AB4-808A-012ED4A3D6BC}.Debug|x64.Build.0 = Debug|x64
		{D9DFFAC9-7216-4AB4-808A-012ED4A3D6BC}.Debug|x86.ActiveCfg = Debug|Win32
		{D9DFFAC9-7216-4AB4-808A-012ED4A3D6BC}.Debug|x86.Build.0 = Debug|Win32
		{D9DFFAC9-7216-4AB4-808A-012ED4A3D6BC}.Release|x64.ActiveCfg = Release|x64
		{D9DFFAC9-7216-4AB4-808A-012ED4A3D6BC}.Release|x64.Build.0 = Release|x64
		{D9DFFAC9-7216-4AB4-808A-012ED4A3D6BC}.Release|x86.ActiveCfg = Release|Win32
		{D9DFFAC9-7216-4AB4-808A-012ED4A3D6BC}.Release|x86.Build.0 = Release|Win32
		{1EE0BED6-247E-47A3-88E0-B6E2EDEE3CDF}.Debug|x64.ActiveCfg = Debug|x64
		{1EE0BED6-247E-47A3-88E0-B6E2EDEE3CDF}.Debug|x64.Build.0 = Debug|x64
		{1EE0BED6-247E-47A3-88E0-B6E2EDEE3CDF}.Debug|x86.ActiveCfg = Debug|Win32
		{1EE0BED6-247E-47A3-88E0-B6E2EDEE3CDF}.Debug|x86.Build.0 = Debug|Win32
		{1EE0BED6-247E-47A3-88E0-B6E2EDEE3CDF}.Release|x64.ActiveCfg = Release|x64
		{1EE0BED6-247E-47A3-88E0-B6E2EDEE3CDF}.Release|x64.Build.0 = Release|x64
		{1EE0BED6-247E-47A3-88E0-B6E2EDEE3CDF}.Release|x86.ActiveCfg = Release|Win32
		{1EE0BED6-247E-47A3-88E0-B6E2EDEE3CDF}.Release|x86.Build.0 = Release|Win32
		{959B47A0-D9DB-4E32-953D-9B977C3EC058}.Debug|x64.ActiveCfg = Debug|x64
		{959B47A0-D9DB-4E32-953D-9B977C3EC058}.Debug|x64.Build.0 = Debug|x64
		{959B47A0-D9DB-4E32-953D-9B977C3EC058}.Debug|x86.ActiveCfg = Debug|Win32
		{959B47A0-D9DB-4E32-953D-9B977C3EC058}.Debug|x86.Build.0 = Debug|Win32
		{959B47A0-D9DB-4E32-953D-9B977C3EC058}.Release|x64.ActiveCfg = Release|x64
		{959B47A0-D9DB-4E32-953D-9B977C3EC058}.Release|x64.Build.0 = Release|x64
		{959B47A0-D9DB-4E32-953D-9B977C3EC058}.Release|x86.ActiveCfg = Release|Win32
		{959B47A0-D9DB-4E32-953D-9B977C3EC058}.Release|x86.Build.0 = Release|Win32
		{E0D62AF9-76BF-435A-84DB-562AD7C6A076}.Debug|x64.ActiveCfg = Debug|x64
		{E0D62AF9-76BF-435A-84DB-562AD7C6A076}.Debug|x64.Build.0 = Debug|x64
		{E0D62AF9-76BF-435A-84DB-562AD7C6A076}.Debug|x86.ActiveCfg = Debug|Win32
		{E0D62AF9-76BF-435A-84DB-562AD7C6A076}.Debug|x86.Build.0 = Debug|Win32
		{E0D62AF9-76BF-435A-84DB-562AD7C6A076}.Release|x64.ActiveCfg = Release|x64
		{E0D62AF9-76BF-435A-84DB-562AD7C6A076}.Release|x64.Build.0 = Release|x64
		{E0D62AF9-76BF-435A-84DB-562AD7C6A076}.Release|x86.ActiveCfg = Release|Win32
		{E0D62AF9-76BF-435A-84DB-562AD7C6A076}.Release|x86.Build.0 = Release|Win32
		{691CD1CE-9E49-4255-B879-76932300FD1A}.Debug|x64.ActiveCfg = Debug|x64
		{691CD1CE-9E49-4255-B879-76932300FD1A}.Debug|x64.Build.0 = Debug|x64
		{691CD1CE-9E49-4255-B879-76932300FD1A}.Debug|x86.ActiveCfg = Debug|Win32
		{691CD1CE-9E49-4255-B879-76932300FD1A}.Debug|x86.Build.0 = Debug|Win32
		{691CD1CE-9E49-4255-B879-76932300FD1A}.Release|x64.ActiveCfg = Release|x64
		{691CD1CE-9E49-4255-B879-76932300FD1A}.Release|x64.Build.0 = Release|x64
		{691CD1CE-9E49-4255-B879-76932300FD1A}.Release|x86.ActiveCfg = Release|Win32
		{691CD1CE-9E49-4255-B879-76932300FD1A}.Release|x86.Build.0 = Release|Win32
		{7654FC02-A82E-422D-9EEB-B6FF4CE34E80}.Debug|x64.ActiveCfg = Debug|x64
		{7654FC02-A82E-422D-9EEB-B6FF4CE34E80}.Debug|x64.Build.0 = Debug|x64
		{7654FC02-A82E-422D-9EEB-B6FF4CE34E80}.Debug|x86.ActiveCfg = Debug|Win32
		{7654FC02-A82E-422D-9EEB-B6FF4CE34E80}.Debug|x86.Build.0 = Debug|Win32
		{7654FC02-A82E-422D-9EEB-B6FF4CE34E80}.Release|x64.ActiveCfg = Release|x64
		{7654FC02-A82E-422D-9EEB-B6FF4CE34E80}.Release|x64.Build.0 = Release|x64
		{7654FC02-A82E-422D-9EEB-B6FF4CE34E80}.Release|x86.ActiveCfg = Release|Win32
		{7654FC02-A82E-422D-9EEB-B6FF4CE34E80}.Release|x86.Build.0 = Release|Win32
		{3D05F668-EF53-4B46-8F24-A6D88D4B22F6}.Debug|x64.ActiveCfg = Debug|x64
		{3D05F668-EF53-4B46-8F24-A6D88D4B22F6}.Debug|x64.Build.0 = Debug|x64
		{3D05F668-EF53-4B46-8F24-A6D88D4B22F6}.Debug|x86.ActiveCfg = Debug|Win32
		{3D05F668-EF53-4B46-8F24-A6D88D4B22F6}.Debug|x86.Build.0 = Debug|Win32
		{3D05F668-EF53-4B46-8F24-A6D88D4B22F6}.Release|x64.ActiveCfg = Release|x64
		{3D05F668-EF53-4B46-8F24-A6D88D4B22F6}.Release|x64.Build.0 = Release|x64
		{3D05F668-EF53-4B46-8F24-A6D88D4B22F6}.Release|x86.ActiveCfg = Release|Win32
		{3D05F668-EF53-4B46-8F24-A6D88D4B22F6}.Release|x86.Build.0 = Release|Win32
		{00B96236-A822-4DFB-89FE-1F382335491D}.Debug|x64.ActiveCfg = Debug|x64
		{00B96236-A822-4DFB-89FE-1F382335491D}.Debug|x64.Build.0 = Debug|x64
		{00B96236-A822-4DFB-89FE-1F382335491D}.Debug|x86.ActiveCfg = Debug|Win32
		{00B96236-A822-4DFB-89FE-1F382335491D}.Debug|x86.Build.0 = Debug|Win32
		{00B96236-A822-4DFB-89FE-1F382335491D}.Release|x64.ActiveCfg = Release|x64
		{00B96236-A822-4DFB-89FE-1F382335491D}.Release|x64.Build.0 = Release|x64
		{00B96236-A822-4DFB-89FE-1F382335491D}.Release|x86.ActiveCfg = Release|Win32
		{00B96236-A822-4DFB-89FE-1F382335491D}.Release|x86.Build.0 = Release|Win32
		{9FEC9F95-534F-472D-95C2-40F17AA139F5}.Debug|x64.ActiveCfg = Debug|x64
		{9FEC9F95-534F-472D-95C2-40F17AA139F5}.Debug|x64.Build.0 = Debug|x64
		{9FEC9F95-534F-472D-95C2-40F17AA139F5}.Debug|x86.ActiveCfg = Debug|Win32
		{9FEC9F95-534F-472D-95C2-40F17AA139F5}.Debug|x86.Build.0 = Debug|Win32
		{9FEC9F95-534F-472D-95C2-40F17AA139F5}.Release|x64.ActiveCfg = Release|x64
		{9FEC9F95-534F-472D-95C2-40F17AA139F5}.Release|x64.Build.0 = Release|x64
		{9FEC9F95-534F-472D-95C2-40F17AA139F5}.Release|x86.ActiveCfg = Release|Win32
		{9FEC9F95-534F-472D-95C2-40F17AA139F5}.Release|x86.Build.0 = Release|Win32
		{2D14EA17-6E66-4BCB-8A89-3F7C12867B87}.Debug|x64.ActiveCfg = Debug|x64
		{2D14EA17-6E66-4BCB-8A89-3F7C12867B87}.Debug|x64.Build.0 = Debug|x64
		{2D14EA17-6E66-4BCB-8A89-3F7C12867B87}.Debug|x86.ActiveCfg = Debug|Win32
		{2D14EA17-6E66-4BCB-8A89-3F7C12867B87}.Debug|x86.Build.0 = Debug|Win32
		{2D14EA17-6E66-4BCB-8A89-3F7C12867B87}.Release|x64.ActiveCfg = Release|x64
		{2D14EA17-6E66-4BCB-8A89-3F7C12867B87}.Release|x64.Build.0 = Release|x64
		{2D14EA17-6E66-4BCB-8A89-3F7C12867B87}.Release|x86.ActiveCfg = Release|Win32
		{2D14EA17-6E66-4BCB-8A89-3F7C12867B87}.Release|x86.Build.0 = Release|Win32
		{9EC9AA90-4303-41E2-936B-FE9221D7CE93}.Debug|x64.ActiveCfg = Debug|x64
		{9EC9AA90-4303-41E2-936B-FE9221D7CE93}.Debug|x64.Build.0 = Debug|x64
		{9EC9AA90-4303-41E2-936B-FE9221D7CE93}.Debug|x86.ActiveCfg = Debug|Win32
		{9EC9AA90-4303-41E2-936B-FE9221D7CE93}.Debug|x86.Build.0 = Debug|Win32
		{9EC9AA90-4303-41E2-936B-FE9221D7CE93}.Release|x64.ActiveCfg = Release|x64
		{9EC9AA90-4303-41E2-936B-FE9221D7CE93}.Release|x64.Build.0 = Release|x64
		{9EC9AA90-4303-41E2-936B-FE9221D7CE93}.Release|x86.ActiveCfg = Release|Win32
		{9EC9AA90-4303-41E2-936B-FE9221D7CE93}.Release|x86.Build.0 = Release|Win32
		{7DF7EC84-0C39-47A0-8A1D-023C61CA4D20}.Debug|x64.ActiveCfg = Debug|x64
		{7DF7EC84-0C39-47A0-8A1D-023C61CA4D20}.Debug|x64.Build.0 = Debug|x64
		{7DF7EC84-0C39-47A0-8A1D-023C61CA4D20}.Debug|x86.ActiveCfg = Debug|Win32
		{7DF7EC84-0C39-47A0-8A1D-023C61CA4D20}.Debug|x86.Build.0 = Debug|Win32
		{7DF7EC84-0C39-47A0-8A1D-023C61CA4D20}.Release|x64.ActiveCfg = Release|x64
		{7DF7EC84-0C39-47A0-8A1D-023C61CA4D20}.Release|x64.Build.0 = Release|x64
		{7DF7EC84-0C39-47A0-8A1D-023C61CA4D20}.Release|x86.ActiveCfg = Release|Win32
		{7DF7EC84-0C39-47A0-8A1D-023C61CA4D20}.Release|x86.Build.0 = Release|Win32
		{08F74247-B599-4DB7-B576-C154A70983E1}.Debug|x64.ActiveCfg = Debug|x64
		{08F74247-B599-4DB7-B576-C154A70983E1}.Debug|x64.Build.0 = Debug|x64
		{08F74247-B599-4DB7-B576-C154A70983E1}.Debug|x86.ActiveCfg = Debug|Win32
		{08F74247-B599-4DB7-B576-C154A70983E1}.Debug|x86.Build.0 = Debug|Win32
		{08F74247-B599-4DB7-B576-C154A70983E1}.Release|x64.ActiveCfg = Release|x64
		{08F74247-B599-4DB7-B576-C154A70983E1}.Release|x64.Build.0 = Release|x64
		{08F74247-B599-4DB7-B576-C154A70983E1}.Release|x86.ActiveCfg = Release|Win32
		{08F74247-B599-4DB7-B576-C154A70983E1}.Release|x86.Build.0 = Release|Win32
		{853897A1-DD42-449B-AE42-97B99161D720}.Debug|x64.ActiveCfg = Debug|x64
		{853897A1-DD42-449B-AE42-97B99161D720}.Debug|x64.Build.0 = Debug|x64
		{853897A1-DD42-449B-AE42-97B99161D720}.Debug|x86.ActiveCfg = Debug|Win32
		{853897A1-DD42-449B-AE42-97B99161D720}.Debug|x86.Build.0 = Debug|Win32
		{853897A1-DD42-449B-AE42-97B99161D720}.Release|x64.ActiveCfg = Release|x64
		{853897A1-DD42-449B-AE42-97B99161D720}.Release|x64.Build.0 = Release|x64
		{853897A1-DD42-449B-AE42-97B99161D720}.Release|x86.ActiveCfg = Release|Win32
		{853897A1-DD42-449B-AE42-97B99161D720}.Release|x86.Build.0 = Release|Win32
		{ED4D6EAB-7AC2-4574-94E0-18744BAD73C8}.Debug|x64.ActiveCfg = Debug|x64
		{ED4D6EAB-7AC2-4574-94E0-18744BAD73C8}.Debug|x64.Build.0 = Debug|x64
		{ED4D6EAB-7AC2-4574-94E0-18744BAD73C8}.Debug|x86.ActiveCfg = Debug|Win32
		{ED4D6EAB-7AC2-4574-94E0-18744BAD73C8}.Debug|x86.Build.0 = Debug|Win32
		{ED4D6EAB-7AC2-4574-94E0-18744BAD73C8}.Release|x64.ActiveCfg = Release|x64
		{ED4D6EAB-7AC2-4574-94E0-18744BAD73C8}.Release|x64.Build.0 = Release|x64
		{ED4D6EAB-7AC2-4574-94E0-18744BAD73C8}.Release|x86.ActiveCfg = Release|Win32
		{ED4D6EAB-7AC2-4574-94E0-18744BAD73C8}.Release|x86.Build.0 = Release|Win32
		{D570C675-76A6-424E-AB36-3531A5391595}.Debug|x64.ActiveCfg = Debug|x64
		{D570C675-76A6-424E-AB36-3531A5391595}.Debug|x64.Build.0 = Debug|x64
		{D570C675-76A6-424E-AB36-3531A5391595}.Debug|x86.ActiveCfg = Debug|Win32
		{D570C675-76A6-424E-AB36-3531A5391595}.Debug|x86.Build.0 = Debug|Win32
		{D570C675-76A6-424E-AB36-3531A5391595}.Release|x64.ActiveCfg = Release|x64
		{D570C675-76A6-424E-AB36-3531A5391595}.Release|x64.Build.0 = Release|x64
		{D570C675-76A6-424E-AB36-3531A5391595}.Release|x86.ActiveCfg = Release|Win32
		{D570C675-76A6-424E-AB36-3531A5391595}.Release|x86.Build.0 = Release|Win32
		{1127119E-6BB3-453B-B01E-31EB8837B7F6}.Debug|x64.ActiveCfg = Debug|x64
		{1127119E-6BB3-453B-B01E-31EB8837B7F6}.Debug|x64.Build.0 = Debug|x64
		{1127119E-6BB3-453B-B01E-31EB8837B7F6}.Debug|x86.ActiveCfg = Debug|Win32
		{1127119E-6BB3-453B-B01E-31EB8837B7F6}.Debug|x86.Build.0 = Debug|Win32
		{1127119E-6BB3-453B-B01E-31EB8837B7F6}.Release|x64.ActiveCfg = Release|x64
		{1127119E-6BB3-453B-B01E-31EB8837B7F6}.Release|x64.Build.0 = Release|x64
		{1127119E-6BB3-453B-B01E-31EB8837B7F6}.Release|x86.ActiveCfg = Release|Win32
		{1127119E-6BB3-453B-B01E-31EB8837B7F6}.Release|x86.Build.0 = Release|Win32
		{0C9EE1F6-2963-42F0-8AD6-3869FD2F9CAB}.Debug|x64.ActiveCfg = Debug|x64
		{0C9EE1F6-2963-42F0-8AD6-3869FD2F9CAB}.Debug|x64.Build.0 = Debug|x64
		{0C9EE1F6-2963-42F0-8AD6-3869FD2F9CAB}.Debug|x86.ActiveCfg = Debug|Win32
		{0C9EE1F6-2963-42F0-8AD6-3869FD2F9CAB}.Debug|x86.Build.0 = Debug|Win32
		{0C9EE1F6-2963-42F0-8AD6-3869FD2F9CAB}.Release|x64.ActiveCfg = Release|x64
		{0C9EE1F6-2963-42F0-8AD6-3869FD2F9CAB}.Release|x64.Build.0 = Release|x64
		{0C9EE1F6-2963-42F0-8AD6-3869FD2F9CAB}.Release|x86.ActiveCfg = Release|Win32
		{0C9EE1F6-2963-42F0-8AD6-3869FD2F9CAB}.Release|x86.Build.0 = Release|Win32
		{D8EF7920-190E-4677-B727-CC7393778A5C}.Debug|x64.ActiveCfg = Debug|x64
		{D8EF7920-190E-4677-B727-CC7393778A5C}.Debug|x64.Build.0 = Debug|x64
		{D8EF7920-190E-4677-B727-CC7393778A5C}.Debug|x86.ActiveCfg = Debug|Win32
		{D8EF7920-190E-4677-B727-CC7393778A5C}.Debug|x86.Build.0 = Debug|Win32
		{D8EF7920-190E-4677-B727-CC7393778A5C}.Release|x64.ActiveCfg = Release|x64
		{D8EF7920-190E-4677-B727-CC7393778A5C}.Release|x64.Build.0 = Release|x64
		{D8EF7920-190E-4677-B727-CC7393778A5C}.Release|x86.ActiveCfg = Release|Win32
		{D8EF7920-190E-4677-B727-CC7393778A5C}.Release|x86.Build.0 = Release|Win32
		{F962FF75-27C2-41E7-ACEE-E696D08E0A80}.Debug|x64.ActiveCfg = Debug|x64
		{F962FF75-27C2-41E7-ACEE-E696D08E0A80}.Debug|x64.Build.0 = Debug|x64
		{F962FF75-27C2-41E7-ACEE-E696D08E0A80}.Debug|x86.ActiveCfg = Debug|Win32
		{F962FF75-27C2-41E7-ACEE-E696D08E0A80}.Debug|x86.Build.0 = Debug|Win32
		{F962FF75-27C2-41E7-ACEE-E696D08E0A80}.Release|x64.ActiveCfg = Release|x64
		{F962FF75-27C2-41E7-ACEE-E696D08E0A80}.Release|x64.Build.0 = Release|x64
		{F962FF75-27C2-41E7-ACEE-E696D08E0A80}.Release|x86.ActiveCfg = Release|Win32
		{F962FF75-27C2-41E7-ACEE-E696D08E0A80}.Release|x86.Build.0 = Release|Win32
		{2B2D82F2-F97B-46B4-B0E3-EB05655234A0}.Debug|x64.ActiveCfg = Debug|x64
		{2B2D82F2-F97B-46B4-B0E3-EB05655234A0}.Debug|x64.Build.0 = Debug|x64
		{2B2D82F2-F97B-46B4-B0E3-EB05655234A0}.Debug|x86.ActiveCfg = Debug|Win32
		{2B2D82F2-F97B-46B4-B0E3-EB05655234A0}.Debug|x86.Build.0 = Debug|Win32
		{2B2D82F2-F97B-46B4-B0E3-EB05655234A0}.Release|x64.ActiveCfg = Release|x64
		{2B2D82F2-F97B-46B4-B0E3-EB05655234A0}.Release|x64.Build.0 = Release|x64
		{2B2D82F2-F97B-46B4-B0E3-EB05655234A0}.Release|x86.ActiveCfg = Release|Win32
		{2B2D82F2-F97B-46B4-B0E3-EB05655234A0}.Release|x86.Build.0 = Release|Win32
		{5A8C7837-8229-439F-A97D-56ED0B7D56D3}.Debug|x64.ActiveCfg = Debug|x64
		{5A8C7837-8229-439F-A97D-56ED0B7D56D3}.Debug|x64.Build.0 = Debug|x64
		{5A8C7837-8229-439F-A97D-56ED0B7D56D3}.Debug|x86.ActiveCfg = Debug|Win32
		{5A8C7837-8229-439F-A97D-56ED0B7D56D3}.Debug|x86.Build.0 = Debug|Win32
		{5A8C7837-8229-439F-A97D-56ED0B7D56D3}.Release|x64.ActiveCfg = Release|x64
		{5A8C7837-8229-439F-A97D-56ED0B7D56D3}.Release|x64.Build.0 = Release|x64
		{5A8C7837-8229-439F-A97D-56ED0B7D56D3}.Release|x86.ActiveCfg = Release|Win32
		{5A8C7837-8229-439F-A97D-56ED0B7D56D3}.Release|x86.Build.0 = Release|Win32
		{7AFEB05E-B933-4423-9AB9-C91CE40DBDDE}.Debug|x64.ActiveCfg = Debug|x64
		{7AFEB05E-B933-4423-9AB9-C91CE40DBDDE}.Debug|x64.Build.0 = Debug|x64
		{7AFEB05E-B933-4423-9AB9-C91CE40DBDDE}.Debug|x86.ActiveCfg = Debug|Win32
		{7AFEB05E-B933-4423-9AB9-C91CE40DBDDE}.Debug|x86.Build.0 = Debug|Win32
		{7AFEB05E-B933-4423-9AB9-C91CE40DBDDE}.Release|x64.ActiveCfg = Release|x64
		{7AFEB05E-B933-4423-9AB9-C91CE40DBDDE}.Release|x64.Build.0 = Release|x64
		{7AFEB05E-B933-4423-9AB9-C91CE40DBDDE}.Release|x86.ActiveCfg = Release|Win32
		{7AFEB05E-B933-4423-9AB9-C91CE40DBDDE}.Release|x86.Build.0 = Release|Win32
		{E8088FE7-38D1-4FA7-87C0-5BF1BA52F6F4}.Debug|x64.ActiveCfg = Debug|x64
		{E8088FE7-38D1-4FA7-87C0-5BF1BA52F6F4}.Debug|x64.Build.0 = Debug|x64
		{E8088FE7-38D1-4FA7-87C0-5BF1BA52F6F4}.Debug|x86.ActiveCfg = Debug|Win32
		{E8088FE7-38D1-4FA7-87C0-5BF1BA52F6F4}.Debug|x86.Build.0 = Debug|Win32
		{E8088FE7-38D1-4FA7-87C0-5BF1BA52F6F4}.Release|x64.ActiveCfg = Release|x64
		{E8088FE7-38D1-4FA7-87C0-5BF1BA52F6F4}.Release|x64.Build.0 = Release|x64
		{E8088FE7-38D1-4FA7-87C0-5BF1BA52F6F4}.Release|x86.ActiveCfg = Release|Win32
		{E8088FE7-38D1-4FA7-87C0-5BF1BA52F6F4}.Release|x86.Build.0 = Release|Win32
		{D8C40E35-9383-4C17-9A38-CDE81BDC1A94}.Debug|x64.ActiveCfg = Debug|x64
		{D8C40E35-9383-4C17-9A38-CDE81BDC1A94}.Debug|x64.Build.0 = Debug|x64
		{D8C40E35-9383-4C17-9A38-CDE81BDC1A94}.Debug|x86.ActiveCfg = Debug|Win32
		{D8C40E35-9383-4C17-9A38-CDE81BDC1A94}.Debug|x86.Build.0 = Debug|Win32
		{D8C40E35-9383-4C17-9A38-CDE81BDC1A94}.Release|x64.ActiveCfg = Release|x64
		{D8C40E35-9383-4C17-9A38-CDE81BDC1A94}.Release|x64.Build.0 = Release|x64
		{D8C40E35-9383-4C17-9A38-CDE81BDC1A94}.Release|x86.ActiveCfg = Release|Win32
		{D8C40E35-9383-4C17-9A38-CDE81BDC1A94}.Release|x86.Build.0 = Release|Win32
		{6EBC13CB-DFA5-4878-8A42-FE4094CA7015}.Debug|x64.ActiveCfg = Debug|x64
		{6EBC13CB-DFA5-4878-8A42-FE4094CA7015}.Debug|x64.Build.0 = Debug|x64
		{6EBC13CB-DFA5-4878-8A42-FE4094CA7015}.Debug|x86.ActiveCfg = Debug|Win32
		{6EBC13CB-DFA5-4878-8A42-FE4094CA7015}.Debug|x86.Build.0 = Debug|Win32
		{6EBC13CB-DFA5-4878-8A42-FE4094CA7015}.Release|x64.ActiveCfg = Release|x64
		{6EBC13CB-DFA5-4878-8A42-FE4094CA7015}.Release|x64.Build.0 = Release|x64
		{6EBC13CB-DFA5-4878-8A42-FE4094CA7015}.Release|x86.ActiveCfg = Release|Win32
		{6EBC13CB-DFA5-4878-8A42-FE4094CA7015}.Release|x86.Build.0 = Release|Win32
		{187DE966-CACA-4D21-86AA-A430DB67AB2D}.Debug|x64.ActiveCfg = Debug|x64
		{187DE966-CACA-4D21-86AA-A430DB67AB2D}.Debug|x64.Build.0 = Debug|x64
		{187DE966-CACA-4D21-86AA-A430DB67AB2D}.Debug|x86.ActiveCfg = Debug|Win32
		{187DE966-CACA-4D21-86AA-A430DB67AB2D}.Debug|x86.Build.0 = Debug|Win32
		{187DE966-CACA-4D21-86AA-A430DB67AB2D}.Release|x64.ActiveCfg = Release|x64
		{187DE966-CACA-4D21-86AA-A430DB67AB2D}.Release|x64.Build.0 = Release|x64
		{187DE966-CACA-4D21-86AA-A430DB67AB2D}.Release|x86.ActiveCfg = Release|Win32
		{187DE966-CACA-4D21-86AA-A430DB67AB2D}.Release|x86.Build.0 = Release|Win32
		{ACBECB07-6B5D-41C0-8BFE-D70498148D84}.Debug|x64.ActiveCfg = Debug|x64
		{ACBECB07-6B5D-41C0-8BFE-D70498148D84}.Debug|x64.Build.0 = Debug|x64
		{ACBECB07-6B5D-41C0-8BFE-D70498148D84}.Debug|x86.ActiveCfg = Debug|Win32
		{ACBECB07-6B5D-41C0-8BFE-D70498148D84}.Debug|x86.Build.0 = Debug|Win32
		{ACBECB07-6B5D-41C0-8BFE-D70498148D84}.Release|x64.ActiveCfg = Release|x64
		{ACBECB07-6B5D-41C0-8BFE-D70498148D84}.Release|x64.Build.0 = Release|x64
		{ACBECB07-6B5D-41C0-8BFE-D70498148D84}.Release|x86.ActiveCfg = Release|Win32
		{ACBECB07-6B5D-41C0-8BFE-D70498148D84}.Release|x86.Build.0 = Release|Win32
		{6534E737-E14D-4329-82C3-FF52CBD81FEC}.Debug|x64.ActiveCfg = Debug|x64
		{6534E737-E14D-4329-82C3-FF52CBD81FEC}.Debug|x64.Build.0 = Debug|x64
		{6534E737-E14D-4329-82C3-FF52CBD81FEC}.Debug|x86.ActiveCfg = Debug|Win32
		{6534E737-E14D-4329-82C3-FF52CBD81FEC}.Debug|x86.Build.0 = Debug|Win32
		{6534E737-E14D-4329-82C3-FF52CBD81FEC}.Release|x64.ActiveCfg = Release|x64
		{6534E737-E14D-4329-82C3-FF52CBD81FEC}.Release|x64.Build.0 = Release|x64
		{6534E737-E14D-4329-82C3-FF52CBD81FEC}.Release|x86.ActiveCfg = Release|Win32
		{6534E737-E14D-4329-82C3-FF52CBD81FEC}.Release|x86.Build.0 = Release|Win32
		{25D004B9-4A51-4B7F-A397-21715A894CC9}.Debug|x64.ActiveCfg = Debug|x64
		{25D004B9-4A51-4B7F-A397-21715A894CC9}.Debug|x64.Build.0 = Debug|x64
		{25D004B9-4A51-4B7F-A397-21715A894CC9}.Debug|x86.ActiveCfg = Debug|Win32
		{25D004B9-4A51-4B7F-A397-21715A894CC9}.Debug|x86.Build.0 = Debug|Win32
		{25D004B9-4A51-4B7F-A397-21715A894CC9}.Release|x64.ActiveCfg = Release|x64
		{25D004B9-4A51-4B7F-A397-21715A894CC9}.Release|x64.Build.0 = Release|x64
		{25D004B9-4A51-4B7F-A397-21715A894CC9}.Release|x86.ActiveCfg = Release|Win32
		{25D004B9-4A51-4B7F-A397-21715A894CC9}.Release|x86.Build.0 = Release|Win32
		{CF70CDF6-C78F-4213-927D-18FE65D028CA}.Debug|x64.ActiveCfg = Debug|x64
		{CF70CDF6-C78F-4213-927D-18FE65D028CA}.Debug|x64.Build.0 = Debug|x64
		{CF70CDF6-C78F-4213-927D-18FE65D028CA}.Debug|x86.ActiveCfg = Debug|Win32
		{CF70CDF6-C78F-4213-927D-18FE65D028CA}.Debug|x86.Build.0 = Debug|Win32
		{CF70CDF6-C78F-4213-927D-18FE65D028CA}.Release|x64.ActiveCfg = Release|x64
		{CF70CDF6-C78F-4213-927D-18FE65D028CA}.Release|x64.Build.0 = Release|x64
		{CF70CDF6-C78F-4213-927D-18FE65D028CA}.Release|x86.ActiveCfg = Release|Win32
		{CF70CDF6-C78F-4213-927D-18FE65D028CA}.Release|x86.Build.0 = Release|Win32
		{B595283B-8148-4382-9799-1C4E94CE44E8}.Debug|x64.ActiveCfg = Debug|x64
		{B595283B-8148-4382-9799-1C4E94CE44E8}.Debug|x64.Build.0 = Debug|x64
		{B595283B-8148-4382-9799-1C4E94CE44E8}.Debug|x86.ActiveCfg = Debug|Win32
		{B595283B-8148-4382-9799-1C4E94CE44E8}.Debug|x86.Build.0 = Debug|Win32
		{B595283B-8148-4382-9799-1C4E94CE44E8}.Release|x64.ActiveCfg = Release|x64
		{B595283B-8148-4382-9799-1C4E94CE44E8}.Release|x64.Build.0 = Release|x64
		{B595283B-8148-4382-9799-1C4E94CE44E8}.Release|x86.ActiveCfg = Release|Win32
		{B595283B-8148-4382-9799-1C4E94CE44E8}.Release|x86.Build.0 = Release|Win32
		{42D4A927-4748-4FDB-ACE1-2CC06FFB32BC}.Debug|x64.ActiveCfg = Debug|x64
		{42D4A927-4748-4FDB-ACE1-2CC06FFB32BC}.Debug|x64.Build.0 = Debug|x64
		{42D4A927-4748-4FDB-ACE1-2CC06FFB32BC}.Debug|x86.ActiveCfg = Debug|Win32
		{42D4A927-4748-4FDB-ACE1-2CC06FFB32BC}.Debug|x86.Build.0 = Debug|Win32
		{42D4A927-4748-4FDB-ACE1-2CC06FFB32BC}.Release|x64.ActiveCfg = Release|x64
		{42D4A927-4748-4FDB-ACE1-2CC06FFB32BC}.Release|x64.Build.0 = Release|x64
		{42D4A927-4748-4FDB-ACE1-2CC06FFB32BC}.Release|x86.ActiveCfg = Release|Win32
		{42D4A927-4748-4FDB-ACE1-2CC06FFB32BC}.Release|x86.Build.0 = Release|Win32
		{E711AAD4-5686-4044-A727-B9234A6CE471}.Debug|x64.ActiveCfg = Debug|x64
		{E711AAD4-5686-4044-A727-B9234A6CE471}.Debug|x64.Build.0 = Debug|x64
		{E711AAD4-5686-4044-A727-B9234A6CE471}.Debug|x86.ActiveCfg = Debug|Win32
		{E711AAD4-5686-4044-A727-B9234A6CE471}.Debug|x86.Build.0 = Debug|Win32
		{E711AAD4-5686-4044-A727-B9234A6CE471}.Release|x64.ActiveCfg = Release|x64
		{E711AAD4-5686-4044-A727-B9234A6CE471}.Release|x64.Build.0 = Release|x64
		{E711AAD4-5686-4044-A727-B9234A6CE471}.Release|x86.ActiveCfg = Release|Win32
		{E711AAD4-5686-4044-A727-B9234A6CE471}.Release|x86.Build.0 = Release|Win32
		{E6D5A4AD-B302-4A88-9754-ED58A5B2CE1E}.Debug|x64.ActiveCfg = Debug|x64
		{E6D5A4AD-B302-4A88-9754-ED58A5B2CE1E}.Debug|x64.Build.0 = Debug|x64
		{E6D5A4AD-B302-4A88-9754-ED58A5B2CE1E}.Debug|x86.ActiveCfg = Debug|Win32
		{E6D5A4AD-B302-4A88-9754-ED58A5B2CE1E}.Debug|x86.Build.0 = Debug|Win32
		{E6D5A4AD-B302-4A88-9754-ED58A5B2CE1E}.Release|x64.ActiveCfg = Release|x64
		{E6D5A4AD-B302-4A88-9754-ED58A5B2CE1E}.Release|x64.Build.0 = Release|x64
		{E6D5A4AD-B302-4A88-9754-ED58A5B2CE1E}.Release|x86.ActiveCfg = Release|Win32
		{E6D5A4AD-B302-4A88-9754-ED58A5B2CE1E}.Release|x86.Build.0 = Release|Win32
		{B96A373C-2C2F-4070-8F51-63A44F4E28AD}.Debug|x64.ActiveCfg = Debug|x64
		{B96A373C-2C2F-4070-8F51-63A44F4E28AD}.Debug|x64.Build.0 = Debug|x64
		{B96A373C-2C2F-4070-8F51-63A44F4E28AD}.Debug|x86.ActiveCfg = Debug|Win32
		{B96A373C-2C2F-4070-8F51-63A44F4E28AD}.Debug|x86.Build.0 = Debug|Win32
		{B96A373C-2C2F-4070-8F51-63A44F4E28AD}.Release|x64.ActiveCfg = Release|x64
		{B96A373C-2C2F-4070-8F51-63A44F4E28AD}.Release|x64.Build.0 = Release|x64
		{B96A373C-2C2F-4070-8F51-63A44F4E28AD}.Release|x86.ActiveCfg = Release|Win32
		{B96A373C-2C2F-4070-8F51-63A44F4E28AD}.Release|x86.Build.0 = Release|Win32
		{6CC8C059-4227-480E-86EF-986CE38D4BAC}.Debug|x64.ActiveCfg = Debug|x64
		{6CC8C059-4227-480E-86EF-986CE38D4BAC}.Debug|x64.Build.0 = Debug|x64
		{6CC8C059-4227-480E-86EF-986CE38D4BAC}.Debug|x86.ActiveCfg = Debug|Win32
		{6CC8C059-4227-480E-86EF-986CE38D4BAC}.Debug|x86.Build.0 = Debug|Win32
		{6CC8C059-4227-480E-86EF-986CE38D4BAC}.Release|x64.ActiveCfg = Release|x64
		{6CC8C059-4227-480E-86EF-986CE38D4BAC}.Release|x64.Build.0 = Release|x64
		{6CC8C059-4227-480E-86EF-986CE38D4BAC}.Release|x86.ActiveCfg = Release|Win32
		{6CC8C059-4227-480E-86EF-986CE38D4BAC}.Release|x86.Build.0 = Release|Win32
		{5102977C-342E-4B8A-A3E0-754EA35F0E19}.Debug|x64.ActiveCfg = Debug|x64
		{5102977C-342E-4B8A-A3E0-754EA35F0E19}.Debug|x64.Build.0 = Debug|x64
		{5102977C-342E-4B8A-A3E0-754EA35F0E19}.Debug|x86.ActiveCfg = Debug|Win32
		{5102977C-342E-4B8A-A3E0-754EA35F0E19}.Debug|x86.Build.0 = Debug|Win32
		{5102977C-342E-4B8A-A3E0-754EA35F0E19}.Release|x64.ActiveCfg = Release|x64
		{5102977C-342E-4B8A-A3E0-754EA35F0E19}.Release|x64.Build.0 = Release|x64
		{5102977C-342E-4B8A-A3E0-754EA35F0E19}.Release|x86.ActiveCfg = Release|Win32
		{5102977C-342E-4B8A-A3E0-754EA35F0E19}.Release|x86.Build.0 = Release|Win32
		{A73AD28D-BCA3-4000-9482-CB3A1739D21E}.Debug|x64.ActiveCfg = Debug|x64
		{A73AD28D-BCA3-4000-9482-CB3A1739D21E}.Debug|x64.Build.0 = Debug|x64
		{A73AD28D-BCA3-4000-9482-CB3A1739D21E}.Debug|x86.ActiveCfg = Debug|Win32
		{A73AD28D-BCA3-4000-9482-CB3A1739D21E}.Debug|x86.Build.0 = Debug|Win32
		{A73AD28D-BCA3-4000-9482-CB3A1739D21E}.Release|x64.ActiveCfg = Release|x64
		{A73AD28D-BCA3-4000-9482-CB3A1739D21E}.Release|x64.Build.0 = Release|x64
		{A73AD28D-BCA3-4000-9482-CB3A1739D21E}.Release|x86.ActiveCfg = Release|Win32
		{A73AD28D-BCA3-4000-9482-CB3A1739D21E}.Release|x86.Build.0 = Release|Win32
		{EB3BD02E-3789-4D12-AC02-5C8E1BD66C85}.Debug|x64.ActiveCfg = Debug|x64
		{EB3BD02E-3789-4D12-AC02-5C8E1BD66C85}.Debug|x64.Build.0 = Debug|x64
		{EB3BD02E-3789-4D12-AC02-5C8E1BD66C85}.Debug|x86.ActiveCfg = Debug|Win32
		{EB3BD02E-3789-4D12-AC02-5C8E1BD66C85}.Debug|x86.Build.0 = Debug|Win32
		{EB3BD02E-3789-4D12-AC02-5C8E1BD66C85}.Release|x64.ActiveCfg = Release|x64
		{EB3BD02E-3789-4D12-AC02-5C8E1BD66C85}.Release|x64.Build.0 = Release|x64
		{EB3BD02E-3789-4D12-AC02-5C8E1BD66C85}.Release|x86.ActiveCfg = Release|Win32
		{EB3BD02E-3789-4D12-AC02-5C8E1BD66C85}.Release|x86.Build.0 = Release|Win32
		{15EC9AFB-499E-4997-A375-1C05F1EBBE41}.Debug|x64.ActiveCfg = Debug|x64
		{15EC9AFB-499E-4997-A375-1C05F1EBBE41}.Debug|x64.Build.0 = Debug|x64
		{15EC9AFB-499E-4997-A375-1C05F1EBBE41}.Debug|x86.ActiveCfg = Debug|Win32
		{15EC9AFB-499E-4997-A375-1C05F1EBBE41}.Debug|x86.Build.0 = Debug|Win32
		{15EC9AFB-499E-4997-A375-1C05F1EBBE41}.Release|x64.ActiveCfg = Release|x64
		{15EC9AFB-499E-4997-A375-1C05F1EBBE41}.Release|x64.Build.0 = Release|x64
		{15EC9AFB-499E-4997-A375-1C05F1EBBE41}.Release|x86.ActiveCfg = Release|Win32
		{15EC9AFB-499E-4997-A375-1C05F1EBBE41}.Release|x86.Build.0 = Release|Win32
		{E9AB7210-656D-4BB7-9EDC-8C4D1A986395}.Debug|x64.ActiveCfg = Debug|x64
		{E9AB7210-656D-4BB7-9EDC-8C4D1A986395}.Debug|x64.Build.0 = Debug|x64
		{E9AB7210-656D-4BB7-9EDC-8C4D1A986395}.Debug|x86.ActiveCfg = Debug|Win32
		{E9AB7210-656D-4BB7-9EDC-8C4D1A986395}.Debug|x86.Build.0 = Debug|Win32
		{E9AB7210-656D-4BB7-9EDC-8C4D1A986395}.Release|x64.ActiveCfg = Release|x64
		{E9AB7210-656D-4BB7-9EDC-8C4D1A986395}.Release|x64.Build.0 = Release|x64
		{E9AB7210-656D-4BB7-9EDC-8C4D1A986395}.Release|x86.ActiveCfg = Release|Win32
		{E9AB7210-656D-4BB7-9EDC-8C4D1A986395}.Release|x86.Build.0 = Release|Win32
		{58AAD74E-E48C-4282-8649-1651D2D2F795}.Debug|x64.ActiveCfg = Debug|x64
		{58AAD74E-E48C-4282-8649-1651D2D2F795}.Debug|x64.Build.0 = Debug|x64
		{58AAD74E-E48C-4282-8649-1651D2D2F795}.Debug|x86.ActiveCfg = Debug|Win32
		{58AAD74E-E48C-4282-8649-1651D2D2F795}.Debug|x86.Build.0 = Debug|Win32
		{58AAD74E-E48C-4282-8649-1651D2D2F795}.Release|x64.ActiveCfg = Release|x64
		{58AAD74E-E48C-4282-8649-1651D2D2F795}.Release|x64.Build.0 = Release|x64
		{58AAD74E-E48C-4282-8649-1651D2D2F795}.Release|x86.ActiveCfg = Release|Win32
		{58AAD74E-E48C-4282-8649-1651D2D2F795}.Release|x86.Build.0 = Release|Win32
		{8C18918B-5E1B-4CA2-A889-645A6008A53F}.Debug|x64.ActiveCfg = Debug|x64
		{8C18918B-5E1B-4CA2-A889-645A6008A53F}.Debug|x64.Build.0 = Debug|x64
		{8C18918B-5E1B-4CA2-A889-645A6008A53F}.Debug|x86.ActiveCfg = Debug|Win32
		{8C18918B-5E1B-4CA2-A889-645A6008A53F}.Debug|x86.Build.0 = Debug|Win32
		{8C18918B-5E1B-4CA2-A889-645A6008A53F}.Release|x64.ActiveCfg = Release|x64
		{8C18918B-5E1B-4CA2-A889-645A6008A53F}.Release|x64.Build.0 = Release|x64
		{8C18918B-5E1B-4CA2-A889-645A6008A53F}.Release|x86.ActiveCfg = Release|Win32
		{8C18918B-5E1B-4CA2-A889-645A6008A53F}.Release|x86.Build.0 = Release|Win32
		{29F4D052-1057-46B8-ABD7-4A3C09F829EF}.Debug|x64.ActiveCfg = Debug|x64
		{29F4D052-1057-46B8-ABD7-4A3C09F829EF}.Debug|x64.Build.0 = Debug|x64
		{29F4D052-1057-46B8-ABD7-4A3C09F829EF}.Debug|x86.ActiveCfg = Debug|Win32
		{29F4D052-1057-46B8-ABD7-4A3C09F829EF}.Debug|x86.Build.0 = Debug|Win32
		{29F4D052-1057-46B8-ABD7-4A3C09F829EF}.Release|x64.ActiveCfg = Release|x64
		{29F4D052-1057-46B8-ABD7-4A3C09F829EF}.Release|x64.Build.0 = Release|x64
		{29F4D052-1057-46B8-ABD7-4A3C09F829EF}.Release|x86.ActiveCfg = Release|Win32
		{29F4D052-1057-46B8-ABD7-4A3C09F829EF}.Release|x86.Build.0 = Release|Win32
		{2E273D3B-95BC-487A-85EB-ED9EB24E484D}.Debug|x64.ActiveCfg = Debug|x64
		{2E273D3B-95BC-487A-85EB-ED9EB24E484D}.Debug|x64.Build.0 = Debug|x64
		{2E273D3B-95BC-487A-85EB-ED9EB24E484D}.Debug|x86.ActiveCfg = Debug|Win32
		{2E273D3B-95BC-487A-85EB-ED9EB24E484D}.Debug|x86.Build.0 = Debug|Win32
		{2E273D3B-95BC-487A-85EB-ED9EB24E484D}.Release|x64.ActiveCfg = Release|x64
		{2E273D3B-95BC-487A-85EB-ED9EB24E484D}.Release|x64.Build.0 = Release|x64
		{2E273D3B-95BC-487A-85EB-ED9EB24E484D}.Release|x86.ActiveCfg = Release|Win32
		{2E273D3B-95BC-487A-85EB-ED9EB24E484D}.Release|x86.Build.0 = Release|Win32
		{10C3C90E-3EB0-4DB8-8C9B-EBB4DE16A6B8}.Debug|x64.ActiveCfg = Debug|x64
		{10C3C90E-3EB0-4DB8-8C9B-EBB4DE16A6B8}.Debug|x64.Build.0 = Debug|x64
		{10C3C90E-3EB0-4DB8-8C9B-EBB4DE16A6B8}.Debug|x86.ActiveCfg = Debug|Win32
		{10C3C90E-3EB0-4DB8-8C9B-EBB4DE16A6B8}.Debug|x86.Build.0 = Debug|Win32
		{10C3C90E-3EB0-4DB8-8C9B-EBB4DE16A6B8}.Release|x64.ActiveCfg = Release|x64
		{10C3C90E-3EB0-4DB8-8C9B-EBB4DE16A6B8}.Release|x64.Build.0 = Release|x64
		{10C3C90E-3EB0-4DB8-8C9B-EBB4DE16A6B8}.Release|x86.ActiveCfg = Release|Win32
		{10C3C90E-3EB0-4DB8-8C9B-EBB4DE16A6B8}.Release|x86.Build.0 = Release|Win32
		{A49562C9-9348-444F-888E-08B10034E93D}.Debug|x64.ActiveCfg = Debug|x64
		{A49562C9-9348-444F-888E-08B10034E93D}.Debug|x64.Build.0 = Debug|x64
		{A49562C9-9348-444F-888E-08B10034E93D}.Debug|x86.ActiveCfg = Debug|Win32
		{A49562C9-9348-444F-888E-08B10034E93D}.Debug|x86.Build.0 = Debug|Win32
		{A49562C9-9348-444F-888E-08B10034E93D}.Release|x64.ActiveCfg = Release|x64
		{A49562C9-9348-444F-888E-08B10034E93D}.Release|x64.Build.0 = Release|x64
		{A49562C9-9348-444F-888E-08B10034E93D}.Release|x86.ActiveCfg = Release|Win32
		{A49562C9-9348-444F-888E-08B10034E93D}.Release|x86.Build.0 = Release|Win32
	EndGlobalSection
	GlobalSection(SolutionProperties) = preSolution
		HideSolutionNode = FALSE
	EndGlobalSection
	GlobalSection(ExtensibilityGlobals) = postSolution
		SolutionGuid = {C7561A44-D506-4F5D-A6F0-C8EE3F388365}
	EndGlobalSection
EndGlobal
